
Microsoft Visual Studio Solution File, Format Version 12.00
# Visual Studio Version 16
VisualStudioVersion = 16.0.30717.126
MinimumVisualStudioVersion = 10.0.40219.1
Project("{FAE04EC0-301F-11D3-BF4B-00C04F79EFBC}") = "AzureApp2", "AzureApp2\AzureApp2.csproj", "{30E28368-EEF6-4734-9D61-CDCFB2F52C0C}"
EndProject
Global
	GlobalSection(SolutionConfigurationPlatforms) = preSolution
		Debug|Any CPU = Debug|Any CPU
		Release|Any CPU = Release|Any CPU
	EndGlobalSection
	GlobalSection(ProjectConfigurationPlatforms) = postSolution
		{30E28368-EEF6-4734-9D61-CDCFB2F52C0C}.Debug|Any CPU.ActiveCfg = Debug|Any CPU
		{30E28368-EEF6-4734-9D61-CDCFB2F52C0C}.Debug|Any CPU.Build.0 = Debug|Any CPU
		{30E28368-EEF6-4734-9D61-CDCFB2F52C0C}.Release|Any CPU.ActiveCfg = Release|Any CPU
		{30E28368-EEF6-4734-9D61-CDCFB2F52C0C}.Release|Any CPU.Build.0 = Release|Any CPU
	EndGlobalSection
	GlobalSection(SolutionProperties) = preSolution
		HideSolutionNode = FALSE
	EndGlobalSection
	GlobalSection(ExtensibilityGlobals) = postSolution
		SolutionGuid = {D7D02ED6-800B-4F84-8505-28DCEE0B0A88}
	EndGlobalSection
EndGlobal
